PODS:
  - benefit_pay_flutter (0.0.1):
    - BenefitPay-iOS (= 0.0.4)
    - Flutter
  - BenefitPay-iOS (0.0.4):
    - Robin
    - SharedDataModels-iOS
    - SwiftyRSA
    - TapFontKit-iOS
  - Flutter (1.0.0)
  - integration_test (0.0.1):
    - Flutter
  - Robin (0.98.0)
  - SharedDataModels-iOS (0.0.12)
  - SwiftyRSA (1.7.0):
    - SwiftyRSA/ObjC (= 1.7.0)
  - SwiftyRSA/ObjC (1.7.0)
  - TapFontKit-iOS (0.0.10):
    - TapSwiftFixesV2
  - TapSwiftFixesV2 (1.0.3):
    - TapSwiftFixesV2/CoreGraphics (= 1.0.3)
    - TapSwiftFixesV2/Exceptions (= 1.0.3)
    - TapSwiftFixesV2/Threading (= 1.0.3)
  - TapSwiftFixesV2/CoreGraphics (1.0.3)
  - TapSwiftFixesV2/Exceptions (1.0.3)
  - TapSwiftFixesV2/Threading (1.0.3)

DEPENDENCIES:
  - benefit_pay_flutter (from `.symlinks/plugins/benefit_pay_flutter/ios`)
  - Flutter (from `Flutter`)
  - integration_test (from `.symlinks/plugins/integration_test/ios`)

SPEC REPOS:
  trunk:
    - BenefitPay-iOS
    - Robin
    - SharedDataModels-iOS
    - SwiftyRSA
    - TapFontKit-iOS
    - TapSwiftFixesV2

EXTERNAL SOURCES:
  benefit_pay_flutter:
    :path: ".symlinks/plugins/benefit_pay_flutter/ios"
  Flutter:
    :path: Flutter
  integration_test:
    :path: ".symlinks/plugins/integration_test/ios"

SPEC CHECKSUMS:
  benefit_pay_flutter: c412b949b795d85b2d818373431f5e93e4160d80
  BenefitPay-iOS: 8fb67ea30667d985bd6a2ab56a672ac8f2849875
  Flutter: e0871f40cf51350855a761d2e70bf5af5b9b5de7
  integration_test: ce0a3ffa1de96d1a89ca0ac26fca7ea18a749ef4
  Robin: a1819c64fdf79a468af2e01aaeabf895d2969fa3
  SharedDataModels-iOS: 03d22b8a256a6ce698180b24d3ff8fefe42707b1
  SwiftyRSA: 8c6dd1ea7db1b8dc4fb517a202f88bb1354bc2c6
  TapFontKit-iOS: cd7376aec8f7edd97145cd0daa5ce584859429c1
  TapSwiftFixesV2: ea726f752b6259d9e44624039fd6bad94b2a8633

PODFILE CHECKSUM: a57f30d18f102dd3ce366b1d62a55ecbef2158e5

COCOAPODS: 1.15.2
